<?xml version="1.0" encoding="UTF-8" standalone="yes" ?>
<CodeBlocks_project_file>
	<FileVersion major="1" minor="6" />
	<Project>
		<Option title="ThreadLocal" />
		<Option pch_mode="2" />
		<Option compiler="gcc" />
		<Build>
			<Target title="Debug_GCC">
				<Option output="obj/Debug_GCC/ThreadLocal" prefix_auto="1" extension_auto="1" />
				<Option object_output="obj/Debug_GCC/" />
				<Option type="1" />
				<Option compiler="gcc" />
				<Compiler>
					<Add option="-Wmain" />
					<Add option="-pedantic" />
					<Add option="-g" />
					<Add option="-W -lc" />
					<Add directory="../../include" />
				</Compiler>
				<Linker>
					<Add library="/usr/lib/libpthread.a" />
				</Linker>
			</Target>
			<Target title="Release_GCC">
				<Option output="obj/Release_GCC/ThreadLocal" prefix_auto="1" extension_auto="1" />
				<Option object_output="obj/Release_GCC/" />
				<Option type="1" />
				<Option compiler="gcc" />
				<Compiler>
					<Add option="-O2" />
				</Compiler>
				<Linker>
					<Add option="-s" />
				</Linker>
			</Target>
		</Build>
		<Compiler>
			<Add option="-Wall" />
			<Add option="-fexceptions" />
		</Compiler>
		<Unit filename="main.cpp" />
		<Extensions>
			<code_completion />
			<debugger />
			<lib_finder disable_auto="1" />
			<envvars />
		</Extensions>
	</Project>
</CodeBlocks_project_file>
