<?xml version="1.0" encoding="UTF-8" standalone="yes" ?>
<CodeBlocks_project_file>
	<FileVersion major="1" minor="6" />
	<Project>
		<Option title="Register" />
		<Option compiler="cygwin" />
		<Build>
			<Target title="Debug">
				<Option output="bin\Debug\Register" prefix_auto="1" extension_auto="1" />
				<Option object_output="obj\Debug\" />
				<Option type="1" />
				<Option compiler="cygwin" />
				<Compiler>
					<Add option="-W" />
					<Add option="-g" />
					<Add directory="..\..\include\loki" />
					<Add directory="..\..\include" />
				</Compiler>
				<Linker>
					<Add library="..\..\lib\Loki_D.a" />
				</Linker>
			</Target>
			<Target title="Release">
				<Option output="bin\Release\Register" prefix_auto="1" extension_auto="1" />
				<Option object_output="obj\Release\" />
				<Option type="1" />
				<Option compiler="cygwin" />
				<Compiler>
					<Add option="-fexpensive-optimizations" />
					<Add option="-Os" />
					<Add option="-O3" />
					<Add option="-W" />
					<Add directory="..\..\include\loki" />
					<Add directory="..\..\include" />
				</Compiler>
				<Linker>
					<Add library="..\..\lib\Loki.a" />
				</Linker>
			</Target>
		</Build>
		<Unit filename="classlist.h" />
		<Unit filename="foo.cpp" />
		<Unit filename="foo.h" />
		<Unit filename="main.cpp" />
		<Extensions>
			<code_completion />
			<envvars />
			<debugger />
		</Extensions>
	</Project>
</CodeBlocks_project_file>
